// !$*UTF8*$!
{
	archiveVersion = 1;
	classes = {
	};
	objectVersion = 50;
	objects = {

/* Begin PBXBuildFile section */
		C748A22F236B3C43000B7218 /* AppDelegate.swift in Sources */ = {isa = PBXBuildFile; fileRef = C748A22E236B3C43000B7218 /* AppDelegate.swift */; };
		C748A231236B3C43000B7218 /* ViewController.swift in Sources */ = {isa = PBXBuildFile; fileRef = C748A230236B3C43000B7218 /* ViewController.swift */; };
		C748A234236B3C43000B7218 /* Main.storyboard in Resources */ = {isa = PBXBuildFile; fileRef = C748A232236B3C43000B7218 /* Main.storyboard */; };
		C748A236236B3C44000B7218 /* Assets.xcassets in Resources */ = {isa = PBXBuildFile; fileRef = C748A235236B3C44000B7218 /* Assets.xcassets */; };
		C748A239236B3C44000B7218 /* LaunchScreen.storyboard in Resources */ = {isa = PBXBuildFile; fileRef = C748A237236B3C44000B7218 /* LaunchScreen.storyboard */; };
		C748A241236B43AE000B7218 /* SecundarioViewController.swift in Sources */ = {isa = PBXBuildFile; fileRef = C748A240236B43AE000B7218 /* SecundarioViewController.swift */; };
		C748A245236B451E000B7218 /* liskov.txt in Resources */ = {isa = PBXBuildFile; fileRef = C748A242236B451E000B7218 /* liskov.txt */; };
		C748A246236B451E000B7218 /* lovelace.txt in Resources */ = {isa = PBXBuildFile; fileRef = C748A243236B451E000B7218 /* lovelace.txt */; };
		C748A247236B451E000B7218 /* hopper.txt in Resources */ = {isa = PBXBuildFile; fileRef = C748A244236B451E000B7218 /* hopper.txt */; };
/* End PBXBuildFile section */

/* Begin PBXFileReference section */
		C748A22B236B3C43000B7218 /* Pioneras.app */ = {isa = PBXFileReference; explicitFileType = wrapper.application; includeInIndex = 0; path = Pioneras.app; sourceTree = BUILT_PRODUCTS_DIR; };
		C748A22E236B3C43000B7218 /* AppDelegate.swift */ = {isa = PBXFileReference; lastKnownFileType = sourcecode.swift; path = AppDelegate.swift; sourceTree = "<group>"; };
		C748A230236B3C43000B7218 /* ViewController.swift */ = {isa = PBXFileReference; lastKnownFileType = sourcecode.swift; path = ViewController.swift; sourceTree = "<group>"; };
		C748A233236B3C43000B7218 /* Base */ = {isa = PBXFileReference; lastKnownFileType = file.storyboard; name = Base; path = Base.lproj/Main.storyboard; sourceTree = "<group>"; };
		C748A235236B3C44000B7218 /* Assets.xcassets */ = {isa = PBXFileReference; lastKnownFileType = folder.assetcatalog; path = Assets.xcassets; sourceTree = "<group>"; };
		C748A238236B3C44000B7218 /* Base */ = {isa = PBXFileReference; lastKnownFileType = file.storyboard; name = Base; path = Base.lproj/LaunchScreen.storyboard; sourceTree = "<group>"; };
		C748A23A236B3C44000B7218 /* Info.plist */ = {isa = PBXFileReference; lastKnownFileType = text.plist.xml; path = Info.plist; sourceTree = "<group>"; };
		C748A240236B43AE000B7218 /* SecundarioViewController.swift */ = {isa = PBXFileReference; lastKnownFileType = sourcecode.swift; path = SecundarioViewController.swift; sourceTree = "<group>"; };
		C748A242236B451E000B7218 /* liskov.txt */ = {isa = PBXFileReference; fileEncoding = 4; lastKnownFileType = text; name = liskov.txt; path = ../../../Downloads/recursos/textos/liskov.txt; sourceTree = "<group>"; };
		C748A243236B451E000B7218 /* lovelace.txt */ = {isa = PBXFileReference; fileEncoding = 4; lastKnownFileType = text; name = lovelace.txt; path = ../../../Downloads/recursos/textos/lovelace.txt; sourceTree = "<group>"; };
		C748A244236B451E000B7218 /* hopper.txt */ = {isa = PBXFileReference; fileEncoding = 4; lastKnownFileType = text; name = hopper.txt; path = ../../../Downloads/recursos/textos/hopper.txt; sourceTree = "<group>"; };
/* End PBXFileReference section */

/* Begin PBXFrameworksBuildPhase section */
		C748A228236B3C43000B7218 /* Frameworks */ = {
			isa = PBXFrameworksBuildPhase;
			buildActionMask = 2147483647;
			files = (
			);
			runOnlyForDeploymentPostprocessing = 0;
		};
/* End PBXFrameworksBuildPhase section */

/* Begin PBXGroup section */
		C748A222236B3C43000B7218 = {
			isa = PBXGroup;
			children = (
				C748A244236B451E000B7218 /* hopper.txt */,
				C748A242236B451E000B7218 /* liskov.txt */,
				C748A243236B451E000B7218 /* lovelace.txt */,
				C748A22D236B3C43000B7218 /* Pioneras */,
				C748A22C236B3C43000B7218 /* Products */,
			);
			sourceTree = "<group>";
		};
		C748A22C236B3C43000B7218 /* Products */ = {
			isa = PBXGroup;
			children = (
				C748A22B236B3C43000B7218 /* Pioneras.app */,
			);
			name = Products;
			sourceTree = "<group>";
		};
		C748A22D236B3C43000B7218 /* Pioneras */ = {
			isa = PBXGroup;
			children = (
				C748A22E236B3C43000B7218 /* AppDelegate.swift */,
				C748A230236B3C43000B7218 /* ViewController.swift */,
				C748A232236B3C43000B7218 /* Main.storyboard */,
				C748A240236B43AE000B7218 /* SecundarioViewController.swift */,
				C748A235236B3C44000B7218 /* Assets.xcassets */,
				C748A237236B3C44000B7218 /* LaunchScreen.storyboard */,
				C748A23A236B3C44000B7218 /* Info.plist */,
			);
			path = Pioneras;
			sourceTree = "<group>";
		};
/* End PBXGroup section */

/* Begin PBXNativeTarget section */
		C748A22A236B3C43000B7218 /* Pioneras */ = {
			isa = PBXNativeTarget;
			buildConfigurationList = C748A23D236B3C44000B7218 /* Build configuration list for PBXNativeTarget "Pioneras" */;
			buildPhases = (
				C748A227236B3C43000B7218 /* Sources */,
				C748A228236B3C43000B7218 /* Frameworks */,
				C748A229236B3C43000B7218 /* Resources */,
			);
			buildRules = (
			);
			dependencies = (
			);
			name = Pioneras;
			productName = Pioneras;
			productReference = C748A22B236B3C43000B7218 /* Pioneras.app */;
			productType = "com.apple.product-type.application";
		};
/* End PBXNativeTarget section */

/* Begin PBXProject section */
		C748A223236B3C43000B7218 /* Project object */ = {
			isa = PBXProject;
			attributes = {
				LastSwiftUpdateCheck = 1030;
				LastUpgradeCheck = 1030;
				ORGANIZATIONNAME = "Máster Móviles";
				TargetAttributes = {
					C748A22A236B3C43000B7218 = {
						CreatedOnToolsVersion = 10.3;
					};
				};
			};
			buildConfigurationList = C748A226236B3C43000B7218 /* Build configuration list for PBXProject "Pioneras" */;
			compatibilityVersion = "Xcode 9.3";
			developmentRegion = en;
			hasScannedForEncodings = 0;
			knownRegions = (
				en,
				Base,
			);
			mainGroup = C748A222236B3C43000B7218;
			productRefGroup = C748A22C236B3C43000B7218 /* Products */;
			projectDirPath = "";
			projectRoot = "";
			targets = (
				C748A22A236B3C43000B7218 /* Pioneras */,
			);
		};
/* End PBXProject section */

/* Begin PBXResourcesBuildPhase section */
		C748A229236B3C43000B7218 /* Resources */ = {
			isa = PBXResourcesBuildPhase;
			buildActionMask = 2147483647;
			files = (
				C748A245236B451E000B7218 /* liskov.txt in Resources */,
				C748A239236B3C44000B7218 /* LaunchScreen.storyboard in Resources */,
				C748A247236B451E000B7218 /* hopper.txt in Resources */,
				C748A246236B451E000B7218 /* lovelace.txt in Resources */,
				C748A236236B3C44000B7218 /* Assets.xcassets in Resources */,
				C748A234236B3C43000B7218 /* Main.storyboard in Resources */,
			);
			runOnlyForDeploymentPostprocessing = 0;
		};
/* End PBXResourcesBuildPhase section */

/* Begin PBXSourcesBuildPhase section */
		C748A227236B3C43000B7218 /* Sources */ = {
			isa = PBXSourcesBuildPhase;
			buildActionMask = 2147483647;
			files = (
				C748A231236B3C43000B7218 /* ViewController.swift in Sources */,
				C748A22F236B3C43000B7218 /* AppDelegate.swift in Sources */,
				C748A241236B43AE000B7218 /* SecundarioViewController.swift in Sources */,
			);
			runOnlyForDeploymentPostprocessing = 0;
		};
/* End PBXSourcesBuildPhase section */

/* Begin PBXVariantGroup section */
		C748A232236B3C43000B7218 /* Main.storyboard */ = {
			isa = PBXVariantGroup;
			children = (
				C748A233236B3C43000B7218 /* Base */,
			);
			name = Main.storyboard;
			sourceTree = "<group>";
		};
		C748A237236B3C44000B7218 /* LaunchScreen.storyboard */ = {
			isa = PBXVariantGroup;
			children = (
				C748A238236B3C44000B7218 /* Base */,
			);
			name = LaunchScreen.storyboard;
			sourceTree = "<group>";
		};
/* End PBXVariantGroup section */

/* Begin XCBuildConfiguration section */
		C748A23B236B3C44000B7218 /* Debug */ = {
			isa = XCBuildConfiguration;
			buildSettings = {
				ALWAYS_SEARCH_USER_PATHS = NO;
				CLANG_ANALYZER_NONNULL = YES;
				CLANG_ANALYZER_NUMBER_OBJECT_CONVERSION = YES_AGGRESSIVE;
				CLANG_CXX_LANGUAGE_STANDARD = "gnu++14";
				CLANG_CXX_LIBRARY = "libc++";
				CLANG_ENABLE_MODULES = YES;
				CLANG_ENABLE_OBJC_ARC = YES;
				CLANG_ENABLE_OBJC_WEAK = YES;
				CLANG_WARN_BLOCK_CAPTURE_AUTORELEASING = YES;
				CLANG_WARN_BOOL_CONVERSION = YES;
				CLANG_WARN_COMMA = YES;
				CLANG_WARN_CONSTANT_CONVERSION = YES;
				CLANG_WARN_DEPRECATED_OBJC_IMPLEMENTATIONS = YES;
				CLANG_WARN_DIRECT_OBJC_ISA_USAGE = YES_ERROR;
				CLANG_WARN_DOCUMENTATION_COMMENTS = YES;
				CLANG_WARN_EMPTY_BODY = YES;
				CLANG_WARN_ENUM_CONVERSION = YES;
				CLANG_WARN_INFINITE_RECURSION = YES;
				CLANG_WARN_INT_CONVERSION = YES;
				CLANG_WARN_NON_LITERAL_NULL_CONVERSION = YES;
				CLANG_WARN_OBJC_IMPLICIT_RETAIN_SELF = YES;
				CLANG_WARN_OBJC_LITERAL_CONVERSION = YES;
				CLANG_WARN_OBJC_ROOT_CLASS = YES_ERROR;
				CLANG_WARN_RANGE_LOOP_ANALYSIS = YES;
				CLANG_WARN_STRICT_PROTOTYPES = YES;
				CLANG_WARN_SUSPICIOUS_MOVE = YES;
				CLANG_WARN_UNGUARDED_AVAILABILITY = YES_AGGRESSIVE;
				CLANG_WARN_UNREACHABLE_CODE = YES;
				CLANG_WARN__DUPLICATE_METHOD_MATCH = YES;
				CODE_SIGN_IDENTITY = "iPhone Developer";
				COPY_PHASE_STRIP = NO;
				DEBUG_INFORMATION_FORMAT = dwarf;
				ENABLE_STRICT_OBJC_MSGSEND = YES;
				ENABLE_TESTABILITY = YES;
				GCC_C_LANGUAGE_STANDARD = gnu11;
				GCC_DYNAMIC_NO_PIC = NO;
				GCC_NO_COMMON_BLOCKS = YES;
				GCC_OPTIMIZATION_LEVEL = 0;
				GCC_PREPROCESSOR_DEFINITIONS = (
					"DEBUG=1",
					"$(inherited)",
				);
				GCC_WARN_64_TO_32_BIT_CONVERSION = YES;
				GCC_WARN_ABOUT_RETURN_TYPE = YES_ERROR;
				GCC_WARN_UNDECLARED_SELECTOR = YES;
				GCC_WARN_UNINITIALIZED_AUTOS = YES_AGGRESSIVE;
				GCC_WARN_UNUSED_FUNCTION = YES;
				GCC_WARN_UNUSED_VARIABLE = YES;
				IPHONEOS_DEPLOYMENT_TARGET = 12.4;
				MTL_ENABLE_DEBUG_INFO = INCLUDE_SOURCE;
				MTL_FAST_MATH = YES;
				ONLY_ACTIVE_ARCH = YES;
				SDKROOT = iphoneos;
				SWIFT_ACTIVE_COMPILATION_CONDITIONS = DEBUG;
				SWIFT_OPTIMIZATION_LEVEL = "-Onone";
			};
			name = Debug;
		};
		C748A23C236B3C44000B7218 /* Release */ = {
			isa = XCBuildConfiguration;
			buildSettings = {
				ALWAYS_SEARCH_USER_PATHS = NO;
				CLANG_ANALYZER_NONNULL = YES;
				CLANG_ANALYZER_NUMBER_OBJECT_CONVERSION = YES_AGGRESSIVE;
				CLANG_CXX_LANGUAGE_STANDARD = "gnu++14";
				CLANG_CXX_LIBRARY = "libc++";
				CLANG_ENABLE_MODULES = YES;
				CLANG_ENABLE_OBJC_ARC = YES;
				CLANG_ENABLE_OBJC_WEAK = YES;
				CLANG_WARN_BLOCK_CAPTURE_AUTORELEASING = YES;
				CLANG_WARN_BOOL_CONVERSION = YES;
				CLANG_WARN_COMMA = YES;
				CLANG_WARN_CONSTANT_CONVERSION = YES;
				CLANG_WARN_DEPRECATED_OBJC_IMPLEMENTATIONS = YES;
				CLANG_WARN_DIRECT_OBJC_ISA_USAGE = YES_ERROR;
				CLANG_WARN_DOCUMENTATION_COMMENTS = YES;
				CLANG_WARN_EMPTY_BODY = YES;
				CLANG_WARN_ENUM_CONVERSION = YES;
				CLANG_WARN_INFINITE_RECURSION = YES;
				CLANG_WARN_INT_CONVERSION = YES;
				CLANG_WARN_NON_LITERAL_NULL_CONVERSION = YES;
				CLANG_WARN_OBJC_IMPLICIT_RETAIN_SELF = YES;
				CLANG_WARN_OBJC_LITERAL_CONVERSION = YES;
				CLANG_WARN_OBJC_ROOT_CLASS = YES_ERROR;
				CLANG_WARN_RANGE_LOOP_ANALYSIS = YES;
				CLANG_WARN_STRICT_PROTOTYPES = YES;
				CLANG_WARN_SUSPICIOUS_MOVE = YES;
				CLANG_WARN_UNGUARDED_AVAILABILITY = YES_AGGRESSIVE;
				CLANG_WARN_UNREACHABLE_CODE = YES;
				CLANG_WARN__DUPLICATE_METHOD_MATCH = YES;
				CODE_SIGN_IDENTITY = "iPhone Developer";
				COPY_PHASE_STRIP = NO;
				DEBUG_INFORMATION_FORMAT = "dwarf-with-dsym";
				ENABLE_NS_ASSERTIONS = NO;
				ENABLE_STRICT_OBJC_MSGSEND = YES;
				GCC_C_LANGUAGE_STANDARD = gnu11;
				GCC_NO_COMMON_BLOCKS = YES;
				GCC_WARN_64_TO_32_BIT_CONVERSION = YES;
				GCC_WARN_ABOUT_RETURN_TYPE = YES_ERROR;
				GCC_WARN_UNDECLARED_SELECTOR = YES;
				GCC_WARN_UNINITIALIZED_AUTOS = YES_AGGRESSIVE;
				GCC_WARN_UNUSED_FUNCTION = YES;
				GCC_WARN_UNUSED_VARIABLE = YES;
				IPHONEOS_DEPLOYMENT_TARGET = 12.4;
				MTL_ENABLE_DEBUG_INFO = NO;
				MTL_FAST_MATH = YES;
				SDKROOT = iphoneos;
				SWIFT_COMPILATION_MODE = wholemodule;
				SWIFT_OPTIMIZATION_LEVEL = "-O";
				VALIDATE_PRODUCT = YES;
			};
			name = Release;
		};
		C748A23E236B3C44000B7218 /* Debug */ = {
			isa = XCBuildConfiguration;
			buildSettings = {
				ASSETCATALOG_COMPILER_APPICON_NAME = AppIcon;
				CODE_SIGN_STYLE = Automatic;
				INFOPLIST_FILE = Pioneras/Info.plist;
				LD_RUNPATH_SEARCH_PATHS = (
					"$(inherited)",
					"@executable_path/Frameworks",
				);
				PRODUCT_BUNDLE_IDENTIFIER = UA.Pioneras;
				PRODUCT_NAME = "$(TARGET_NAME)";
				SWIFT_VERSION = 5.0;
				TARGETED_DEVICE_FAMILY = "1,2";
			};
			name = Debug;
		};
		C748A23F236B3C44000B7218 /* Release */ = {
			isa = XCBuildConfiguration;
			buildSettings = {
				ASSETCATALOG_COMPILER_APPICON_NAME = AppIcon;
				CODE_SIGN_STYLE = Automatic;
				INFOPLIST_FILE = Pioneras/Info.plist;
				LD_RUNPATH_SEARCH_PATHS = (
					"$(inherited)",
					"@executable_path/Frameworks",
				);
				PRODUCT_BUNDLE_IDENTIFIER = UA.Pioneras;
				PRODUCT_NAME = "$(TARGET_NAME)";
				SWIFT_VERSION = 5.0;
				TARGETED_DEVICE_FAMILY = "1,2";
			};
			name = Release;
		};
/* End XCBuildConfiguration section */

/* Begin XCConfigurationList section */
		C748A226236B3C43000B7218 /* Build configuration list for PBXProject "Pioneras" */ = {
			isa = XCConfigurationList;
			buildConfigurations = (
				C748A23B236B3C44000B7218 /* Debug */,
				C748A23C236B3C44000B7218 /* Release */,
			);
			defaultConfigurationIsVisible = 0;
			defaultConfigurationName = Release;
		};
		C748A23D236B3C44000B7218 /* Build configuration list for PBXNativeTarget "Pioneras" */ = {
			isa = XCConfigurationList;
			buildConfigurations = (
				C748A23E236B3C44000B7218 /* Debug */,
				C748A23F236B3C44000B7218 /* Release */,
			);
			defaultConfigurationIsVisible = 0;
			defaultConfigurationName = Release;
		};
/* End XCConfigurationList section */
	};
	rootObject = C748A223236B3C43000B7218 /* Project object */;
}
